
Microsoft Visual Studio Solution File, Format Version 12.00
# Visual Studio Version 17
VisualStudioVersion = 17.14.36408.4 d17.14
MinimumVisualStudioVersion = 10.0.40219.1
Project("{FAE04EC0-301F-11D3-BF4B-00C04F79EFBC}") = "Semana4-Examen-Ejerc1", "Semana4-Examen-Ejerc1\Semana4-Examen-Ejerc1.csproj", "{A33D9728-9854-49C2-A4D6-6EDCA3B0C804}"
EndProject
Global
	GlobalSection(SolutionConfigurationPlatforms) = preSolution
		Debug|Any CPU = Debug|Any CPU
		Release|Any CPU = Release|Any CPU
	EndGlobalSection
	GlobalSection(ProjectConfigurationPlatforms) = postSolution
		{A33D9728-9854-49C2-A4D6-6EDCA3B0C804}.Debug|Any CPU.ActiveCfg = Debug|Any CPU
		{A33D9728-9854-49C2-A4D6-6EDCA3B0C804}.Debug|Any CPU.Build.0 = Debug|Any CPU
		{A33D9728-9854-49C2-A4D6-6EDCA3B0C804}.Release|Any CPU.ActiveCfg = Release|Any CPU
		{A33D9728-9854-49C2-A4D6-6EDCA3B0C804}.Release|Any CPU.Build.0 = Release|Any CPU
	EndGlobalSection
	GlobalSection(SolutionProperties) = preSolution
		HideSolutionNode = FALSE
	EndGlobalSection
	GlobalSection(ExtensibilityGlobals) = postSolution
		SolutionGuid = {C3BEBDF4-F4A4-461D-9BA0-F8C7C2CC9E2D}
	EndGlobalSection
EndGlobal
